
Microsoft Visual Studio Solution File, Format Version 12.00
# Visual Studio Version 16
VisualStudioVersion = 16.0.31624.102
MinimumVisualStudioVersion = 10.0.40219.1
Project("{FAE04EC0-301F-11D3-BF4B-00C04F79EFBC}") = "UpSchool_SignalR_Api", "UpSchool_SignalR_Api\UpSchool_SignalR_Api.csproj", "{D74EEBC5-E739-452B-AECB-9856A3F8AC84}"
EndProject
Project("{FAE04EC0-301F-11D3-BF4B-00C04F79EFBC}") = "WebApplication1", "WebApplication1\WebApplication1.csproj", "{70C34A01-46DB-48B3-9006-371846F07603}"
EndProject
Global
	GlobalSection(SolutionConfigurationPlatforms) = preSolution
		Debug|Any CPU = Debug|Any CPU
		Release|Any CPU = Release|Any CPU
	EndGlobalSection
	GlobalSection(ProjectConfigurationPlatforms) = postSolution
		{D74EEBC5-E739-452B-AECB-9856A3F8AC84}.Debug|Any CPU.ActiveCfg = Debug|Any CPU
		{D74EEBC5-E739-452B-AECB-9856A3F8AC84}.Debug|Any CPU.Build.0 = Debug|Any CPU
		{D74EEBC5-E739-452B-AECB-9856A3F8AC84}.Release|Any CPU.ActiveCfg = Release|Any CPU
		{D74EEBC5-E739-452B-AECB-9856A3F8AC84}.Release|Any CPU.Build.0 = Release|Any CPU
		{70C34A01-46DB-48B3-9006-371846F07603}.Debug|Any CPU.ActiveCfg = Debug|Any CPU
		{70C34A01-46DB-48B3-9006-371846F07603}.Debug|Any CPU.Build.0 = Debug|Any CPU
		{70C34A01-46DB-48B3-9006-371846F07603}.Release|Any CPU.ActiveCfg = Release|Any CPU
		{70C34A01-46DB-48B3-9006-371846F07603}.Release|Any CPU.Build.0 = Release|Any CPU
	EndGlobalSection
	GlobalSection(SolutionProperties) = preSolution
		HideSolutionNode = FALSE
	EndGlobalSection
	GlobalSection(ExtensibilityGlobals) = postSolution
		SolutionGuid = {C35B34BA-7E12-426F-922D-F3319857535A}
	EndGlobalSection
EndGlobal
